// !$*UTF8*$!
{
	archiveVersion = 1;
	classes = {
	};
	objectVersion = 46;
	objects = {

/* Begin PBXBuildFile section */
		048DAE371D2E022600A36BC4 /* main.m in Sources */ = {isa = PBXBuildFile; fileRef = 048DAE361D2E022600A36BC4 /* main.m */; };
		048DAE3A1D2E022600A36BC4 /* AppDelegate.m in Sources */ = {isa = PBXBuildFile; fileRef = 048DAE391D2E022600A36BC4 /* AppDelegate.m */; };
		048DAE3D1D2E022600A36BC4 /* ViewController.m in Sources */ = {isa = PBXBuildFile; fileRef = 048DAE3C1D2E022600A36BC4 /* ViewController.m */; };
		048DAE421D2E022600A36BC4 /* Assets.xcassets in Resources */ = {isa = PBXBuildFile; fileRef = 048DAE411D2E022600A36BC4 /* Assets.xcassets */; };
		048DAE501D2E022600A36BC4 /* GapLaunchTests.m in Sources */ = {isa = PBXBuildFile; fileRef = 048DAE4F1D2E022600A36BC4 /* GapLaunchTests.m */; };
		048DAE5B1D2E022600A36BC4 /* GapLaunchUITests.m in Sources */ = {isa = PBXBuildFile; fileRef = 048DAE5A1D2E022600A36BC4 /* GapLaunchUITests.m */; };
		048DAE6F1D2E023500A36BC4 /* NotificationCenter.framework in Frameworks */ = {isa = PBXBuildFile; fileRef = 048DAE6E1D2E023500A36BC4 /* NotificationCenter.framework */; };
		048DAE731D2E023500A36BC4 /* TodayViewController.m in Sources */ = {isa = PBXBuildFile; fileRef = 048DAE721D2E023500A36BC4 /* TodayViewController.m */; };
		048DAE7A1D2E023500A36BC4 /* Launch.appex in Embed App Extensions */ = {isa = PBXBuildFile; fileRef = 048DAE6C1D2E023500A36BC4 /* Launch.appex */; settings = {ATTRIBUTES = (RemoveHeadersOnCopy, ); }; };
		048DAE861D2E041400A36BC4 /* DBHelper.m in Sources */ = {isa = PBXBuildFile; fileRef = 048DAE811D2E041400A36BC4 /* DBHelper.m */; };
		048DAE871D2E041400A36BC4 /* DBHelper.m in Sources */ = {isa = PBXBuildFile; fileRef = 048DAE811D2E041400A36BC4 /* DBHelper.m */; };
		048DAE881D2E041400A36BC4 /* NSDictionary_IOCExtensions.m in Sources */ = {isa = PBXBuildFile; fileRef = 048DAE831D2E041400A36BC4 /* NSDictionary_IOCExtensions.m */; };
		048DAE891D2E041400A36BC4 /* NSDictionary_IOCExtensions.m in Sources */ = {isa = PBXBuildFile; fileRef = 048DAE831D2E041400A36BC4 /* NSDictionary_IOCExtensions.m */; };
		048DAE8A1D2E041400A36BC4 /* NSString+Encrypt.m in Sources */ = {isa = PBXBuildFile; fileRef = 048DAE851D2E041400A36BC4 /* NSString+Encrypt.m */; };
		048DAE8B1D2E041400A36BC4 /* NSString+Encrypt.m in Sources */ = {isa = PBXBuildFile; fileRef = 048DAE851D2E041400A36BC4 /* NSString+Encrypt.m */; };
		048DAE971D2E045D00A36BC4 /* AddLaunchViewController.m in Sources */ = {isa = PBXBuildFile; fileRef = 048DAE8D1D2E045D00A36BC4 /* AddLaunchViewController.m */; };
		048DAE981D2E045D00A36BC4 /* AddLaunchViewController.m in Sources */ = {isa = PBXBuildFile; fileRef = 048DAE8D1D2E045D00A36BC4 /* AddLaunchViewController.m */; };
		048DAE991D2E045D00A36BC4 /* AppItem.m in Sources */ = {isa = PBXBuildFile; fileRef = 048DAE8F1D2E045D00A36BC4 /* AppItem.m */; };
		048DAE9A1D2E045D00A36BC4 /* AppItem.m in Sources */ = {isa = PBXBuildFile; fileRef = 048DAE8F1D2E045D00A36BC4 /* AppItem.m */; };
		048DAE9D1D2E045D00A36BC4 /* InstalledAppManager.m in Sources */ = {isa = PBXBuildFile; fileRef = 048DAE931D2E045D00A36BC4 /* InstalledAppManager.m */; };
		048DAE9E1D2E045D00A36BC4 /* InstalledAppManager.m in Sources */ = {isa = PBXBuildFile; fileRef = 048DAE931D2E045D00A36BC4 /* InstalledAppManager.m */; };
		048DAE9F1D2E045D00A36BC4 /* LaunchItem.plist in Resources */ = {isa = PBXBuildFile; fileRef = 048DAE941D2E045D00A36BC4 /* LaunchItem.plist */; };
		048DAEA01D2E045D00A36BC4 /* LaunchItem.plist in Resources */ = {isa = PBXBuildFile; fileRef = 048DAE941D2E045D00A36BC4 /* LaunchItem.plist */; };
		048DAEA11D2E045D00A36BC4 /* LaunchItemCell.m in Sources */ = {isa = PBXBuildFile; fileRef = 048DAE961D2E045D00A36BC4 /* LaunchItemCell.m */; };
		048DAEA21D2E045D00A36BC4 /* LaunchItemCell.m in Sources */ = {isa = PBXBuildFile; fileRef = 048DAE961D2E045D00A36BC4 /* LaunchItemCell.m */; };
		707FCDBD517C0020C1FEC8C6 /* libPods-GapLaunch.a in Frameworks */ = {isa = PBXBuildFile; fileRef = A65F4DD8D85295FD6F95A82B /* libPods-GapLaunch.a */; };
		E0BA275B3031275A9E5EC2E2 /* libPods-Launch.a in Frameworks */ = {isa = PBXBuildFile; fileRef = 747578C96117142B0042C9FB /* libPods-Launch.a */; };
/* End PBXBuildFile section */

/* Begin PBXContainerItemProxy section */
		048DAE4C1D2E022600A36BC4 /* PBXContainerItemProxy */ = {
			isa = PBXContainerItemProxy;
			containerPortal = 048DAE2A1D2E022600A36BC4 /* Project object */;
			proxyType = 1;
			remoteGlobalIDString = 048DAE311D2E022600A36BC4;
			remoteInfo = GapLaunch;
		};
		048DAE571D2E022600A36BC4 /* PBXContainerItemProxy */ = {
			isa = PBXContainerItemProxy;
			containerPortal = 048DAE2A1D2E022600A36BC4 /* Project object */;
			proxyType = 1;
			remoteGlobalIDString = 048DAE311D2E022600A36BC4;
			remoteInfo = GapLaunch;
		};
		048DAE781D2E023500A36BC4 /* PBXContainerItemProxy */ = {
			isa = PBXContainerItemProxy;
			containerPortal = 048DAE2A1D2E022600A36BC4 /* Project object */;
			proxyType = 1;
			remoteGlobalIDString = 048DAE6B1D2E023500A36BC4;
			remoteInfo = Launch;
		};
/* End PBXContainerItemProxy section */

/* Begin PBXCopyFilesBuildPhase section */
		048DAE7E1D2E023600A36BC4 /* Embed App Extensions */ = {
			isa = PBXCopyFilesBuildPhase;
			buildActionMask = 2147483647;
			dstPath = "";
			dstSubfolderSpec = 13;
			files = (
				048DAE7A1D2E023500A36BC4 /* Launch.appex in Embed App Extensions */,
			);
			name = "Embed App Extensions";
			runOnlyForDeploymentPostprocessing = 0;
		};
/* End PBXCopyFilesBuildPhase section */

/* Begin PBXFileReference section */
		048DAE321D2E022600A36BC4 /* GapLaunch.app */ = {isa = PBXFileReference; explicitFileType = wrapper.application; includeInIndex = 0; path = GapLaunch.app; sourceTree = BUILT_PRODUCTS_DIR; };
		048DAE361D2E022600A36BC4 /* main.m */ = {isa = PBXFileReference; lastKnownFileType = sourcecode.c.objc; path = main.m; sourceTree = "<group>"; };
		048DAE381D2E022600A36BC4 /* AppDelegate.h */ = {isa = PBXFileReference; lastKnownFileType = sourcecode.c.h; path = AppDelegate.h; sourceTree = "<group>"; };
		048DAE391D2E022600A36BC4 /* AppDelegate.m */ = {isa = PBXFileReference; lastKnownFileType = sourcecode.c.objc; path = AppDelegate.m; sourceTree = "<group>"; };
		048DAE3B1D2E022600A36BC4 /* ViewController.h */ = {isa = PBXFileReference; lastKnownFileType = sourcecode.c.h; path = ViewController.h; sourceTree = "<group>"; };
		048DAE3C1D2E022600A36BC4 /* ViewController.m */ = {isa = PBXFileReference; lastKnownFileType = sourcecode.c.objc; path = ViewController.m; sourceTree = "<group>"; };
		048DAE411D2E022600A36BC4 /* Assets.xcassets */ = {isa = PBXFileReference; lastKnownFileType = folder.assetcatalog; path = Assets.xcassets; sourceTree = "<group>"; };
		048DAE461D2E022600A36BC4 /* Info.plist */ = {isa = PBXFileReference; lastKnownFileType = text.plist.xml; path = Info.plist; sourceTree = "<group>"; };
		048DAE4B1D2E022600A36BC4 /* GapLaunchTests.xctest */ = {isa = PBXFileReference; explicitFileType = wrapper.cfbundle; includeInIndex = 0; path = GapLaunchTests.xctest; sourceTree = BUILT_PRODUCTS_DIR; };
		048DAE4F1D2E022600A36BC4 /* GapLaunchTests.m */ = {isa = PBXFileReference; lastKnownFileType = sourcecode.c.objc; path = GapLaunchTests.m; sourceTree = "<group>"; };
		048DAE511D2E022600A36BC4 /* Info.plist */ = {isa = PBXFileReference; lastKnownFileType = text.plist.xml; path = Info.plist; sourceTree = "<group>"; };
		048DAE561D2E022600A36BC4 /* GapLaunchUITests.xctest */ = {isa = PBXFileReference; explicitFileType = wrapper.cfbundle; includeInIndex = 0; path = GapLaunchUITests.xctest; sourceTree = BUILT_PRODUCTS_DIR; };
		048DAE5A1D2E022600A36BC4 /* GapLaunchUITests.m */ = {isa = PBXFileReference; lastKnownFileType = sourcecode.c.objc; path = GapLaunchUITests.m; sourceTree = "<group>"; };
		048DAE5C1D2E022600A36BC4 /* Info.plist */ = {isa = PBXFileReference; lastKnownFileType = text.plist.xml; path = Info.plist; sourceTree = "<group>"; };
		048DAE6C1D2E023500A36BC4 /* Launch.appex */ = {isa = PBXFileReference; explicitFileType = "wrapper.app-extension"; includeInIndex = 0; path = Launch.appex; sourceTree = BUILT_PRODUCTS_DIR; };
		048DAE6E1D2E023500A36BC4 /* NotificationCenter.framework */ = {isa = PBXFileReference; lastKnownFileType = wrapper.framework; name = NotificationCenter.framework; path = System/Library/Frameworks/NotificationCenter.framework; sourceTree = SDKROOT; };
		048DAE711D2E023500A36BC4 /* TodayViewController.h */ = {isa = PBXFileReference; lastKnownFileType = sourcecode.c.h; path = TodayViewController.h; sourceTree = "<group>"; };
		048DAE721D2E023500A36BC4 /* TodayViewController.m */ = {isa = PBXFileReference; lastKnownFileType = sourcecode.c.objc; path = TodayViewController.m; sourceTree = "<group>"; };
		048DAE771D2E023500A36BC4 /* Info.plist */ = {isa = PBXFileReference; lastKnownFileType = text.plist.xml; path = Info.plist; sourceTree = "<group>"; };
		048DAE801D2E041400A36BC4 /* DBHelper.h */ = {isa = PBXFileReference; fileEncoding = 4; lastKnownFileType = sourcecode.c.h; path = DBHelper.h; sourceTree = "<group>"; };
		048DAE811D2E041400A36BC4 /* DBHelper.m */ = {isa = PBXFileReference; fileEncoding = 4; lastKnownFileType = sourcecode.c.objc; path = DBHelper.m; sourceTree = "<group>"; };
		048DAE821D2E041400A36BC4 /* NSDictionary_IOCExtensions.h */ = {isa = PBXFileReference; fileEncoding = 4; lastKnownFileType = sourcecode.c.h; path = NSDictionary_IOCExtensions.h; sourceTree = "<group>"; };
		048DAE831D2E041400A36BC4 /* NSDictionary_IOCExtensions.m */ = {isa = PBXFileReference; fileEncoding = 4; lastKnownFileType = sourcecode.c.objc; path = NSDictionary_IOCExtensions.m; sourceTree = "<group>"; };
		048DAE841D2E041400A36BC4 /* NSString+Encrypt.h */ = {isa = PBXFileReference; fileEncoding = 4; lastKnownFileType = sourcecode.c.h; path = "NSString+Encrypt.h"; sourceTree = "<group>"; };
		048DAE851D2E041400A36BC4 /* NSString+Encrypt.m */ = {isa = PBXFileReference; fileEncoding = 4; lastKnownFileType = sourcecode.c.objc; path = "NSString+Encrypt.m"; sourceTree = "<group>"; };
		048DAE8C1D2E045D00A36BC4 /* AddLaunchViewController.h */ = {isa = PBXFileReference; fileEncoding = 4; lastKnownFileType = sourcecode.c.h; path = AddLaunchViewController.h; sourceTree = "<group>"; };
		048DAE8D1D2E045D00A36BC4 /* AddLaunchViewController.m */ = {isa = PBXFileReference; fileEncoding = 4; lastKnownFileType = sourcecode.c.objc; path = AddLaunchViewController.m; sourceTree = "<group>"; };
		048DAE8E1D2E045D00A36BC4 /* AppItem.h */ = {isa = PBXFileReference; fileEncoding = 4; lastKnownFileType = sourcecode.c.h; path = AppItem.h; sourceTree = "<group>"; };
		048DAE8F1D2E045D00A36BC4 /* AppItem.m */ = {isa = PBXFileReference; fileEncoding = 4; lastKnownFileType = sourcecode.c.objc; path = AppItem.m; sourceTree = "<group>"; };
		048DAE921D2E045D00A36BC4 /* InstalledAppManager.h */ = {isa = PBXFileReference; fileEncoding = 4; lastKnownFileType = sourcecode.c.h; path = InstalledAppManager.h; sourceTree = "<group>"; };
		048DAE931D2E045D00A36BC4 /* InstalledAppManager.m */ = {isa = PBXFileReference; fileEncoding = 4; lastKnownFileType = sourcecode.c.objc; path = InstalledAppManager.m; sourceTree = "<group>"; };
		048DAE941D2E045D00A36BC4 /* LaunchItem.plist */ = {isa = PBXFileReference; fileEncoding = 4; lastKnownFileType = text.plist.xml; path = LaunchItem.plist; sourceTree = "<group>"; };
		048DAE951D2E045D00A36BC4 /* LaunchItemCell.h */ = {isa = PBXFileReference; fileEncoding = 4; lastKnownFileType = sourcecode.c.h; path = LaunchItemCell.h; sourceTree = "<group>"; };
		048DAE961D2E045D00A36BC4 /* LaunchItemCell.m */ = {isa = PBXFileReference; fileEncoding = 4; lastKnownFileType = sourcecode.c.objc; path = LaunchItemCell.m; sourceTree = "<group>"; };
		048DAEA71D2E04EC00A36BC4 /* Launch.entitlements */ = {isa = PBXFileReference; lastKnownFileType = text.xml; path = Launch.entitlements; sourceTree = "<group>"; };
		048DAEA81D2E050300A36BC4 /* GapLaunch.entitlements */ = {isa = PBXFileReference; lastKnownFileType = text.xml; path = GapLaunch.entitlements; sourceTree = "<group>"; };
		048DAEAC1D2E413100A36BC4 /* PrefixHeader.pch */ = {isa = PBXFileReference; fileEncoding = 4; lastKnownFileType = sourcecode.c.h; path = PrefixHeader.pch; sourceTree = "<group>"; };
		4AA4FDB1D2B73B8F0F55F1D8 /* Pods-Launch.release.xcconfig */ = {isa = PBXFileReference; includeInIndex = 1; lastKnownFileType = text.xcconfig; name = "Pods-Launch.release.xcconfig"; path = "Pods/Target Support Files/Pods-Launch/Pods-Launch.release.xcconfig"; sourceTree = "<group>"; };
		747578C96117142B0042C9FB /* libPods-Launch.a */ = {isa = PBXFileReference; explicitFileType = archive.ar; includeInIndex = 0; path = "libPods-Launch.a"; sourceTree = BUILT_PRODUCTS_DIR; };
		819EA7916A12A3187BFD879F /* Pods-Launch.debug.xcconfig */ = {isa = PBXFileReference; includeInIndex = 1; lastKnownFileType = text.xcconfig; name = "Pods-Launch.debug.xcconfig"; path = "Pods/Target Support Files/Pods-Launch/Pods-Launch.debug.xcconfig"; sourceTree = "<group>"; };
		A65F4DD8D85295FD6F95A82B /* libPods-GapLaunch.a */ = {isa = PBXFileReference; explicitFileType = archive.ar; includeInIndex = 0; path = "libPods-GapLaunch.a"; sourceTree = BUILT_PRODUCTS_DIR; };
		A820B8E4AD00035BA2B1D82D /* Pods-GapLaunch.release.xcconfig */ = {isa = PBXFileReference; includeInIndex = 1; lastKnownFileType = text.xcconfig; name = "Pods-GapLaunch.release.xcconfig"; path = "Pods/Target Support Files/Pods-GapLaunch/Pods-GapLaunch.release.xcconfig"; sourceTree = "<group>"; };
		B1686A0EB37A9DD7F3165A60 /* Pods-GapLaunch.debug.xcconfig */ = {isa = PBXFileReference; includeInIndex = 1; lastKnownFileType = text.xcconfig; name = "Pods-GapLaunch.debug.xcconfig"; path = "Pods/Target Support Files/Pods-GapLaunch/Pods-GapLaunch.debug.xcconfig"; sourceTree = "<group>"; };
/* End PBXFileReference section */

/* Begin PBXFrameworksBuildPhase section */
		048DAE2F1D2E022600A36BC4 /* Frameworks */ = {
			isa = PBXFrameworksBuildPhase;
			buildActionMask = 2147483647;
			files = (
				707FCDBD517C0020C1FEC8C6 /* libPods-GapLaunch.a in Frameworks */,
			);
			runOnlyForDeploymentPostprocessing = 0;
		};
		048DAE481D2E022600A36BC4 /* Frameworks */ = {
			isa = PBXFrameworksBuildPhase;
			buildActionMask = 2147483647;
			files = (
			);
			runOnlyForDeploymentPostprocessing = 0;
		};
		048DAE531D2E022600A36BC4 /* Frameworks */ = {
			isa = PBXFrameworksBuildPhase;
			buildActionMask = 2147483647;
			files = (
			);
			runOnlyForDeploymentPostprocessing = 0;
		};
		048DAE691D2E023500A36BC4 /* Frameworks */ = {
			isa = PBXFrameworksBuildPhase;
			buildActionMask = 2147483647;
			files = (
				048DAE6F1D2E023500A36BC4 /* NotificationCenter.framework in Frameworks */,
				E0BA275B3031275A9E5EC2E2 /* libPods-Launch.a in Frameworks */,
			);
			runOnlyForDeploymentPostprocessing = 0;
		};
/* End PBXFrameworksBuildPhase section */

/* Begin PBXGroup section */
		048DAE291D2E022600A36BC4 = {
			isa = PBXGroup;
			children = (
				048DAE341D2E022600A36BC4 /* GapLaunch */,
				048DAE4E1D2E022600A36BC4 /* GapLaunchTests */,
				048DAE591D2E022600A36BC4 /* GapLaunchUITests */,
				048DAE701D2E023500A36BC4 /* Launch */,
				048DAE6D1D2E023500A36BC4 /* Frameworks */,
				048DAE331D2E022600A36BC4 /* Products */,
				366F374442B11E09FDA5FB4E /* Pods */,
			);
			sourceTree = "<group>";
		};
		048DAE331D2E022600A36BC4 /* Products */ = {
			isa = PBXGroup;
			children = (
				048DAE321D2E022600A36BC4 /* GapLaunch.app */,
				048DAE4B1D2E022600A36BC4 /* GapLaunchTests.xctest */,
				048DAE561D2E022600A36BC4 /* GapLaunchUITests.xctest */,
				048DAE6C1D2E023500A36BC4 /* Launch.appex */,
			);
			name = Products;
			sourceTree = "<group>";
		};
		048DAE341D2E022600A36BC4 /* GapLaunch */ = {
			isa = PBXGroup;
			children = (
				048DAE7F1D2E041400A36BC4 /* Helper */,
				048DAEA81D2E050300A36BC4 /* GapLaunch.entitlements */,
				048DAE8C1D2E045D00A36BC4 /* AddLaunchViewController.h */,
				048DAE8D1D2E045D00A36BC4 /* AddLaunchViewController.m */,
				048DAE8E1D2E045D00A36BC4 /* AppItem.h */,
				048DAE8F1D2E045D00A36BC4 /* AppItem.m */,
				048DAE921D2E045D00A36BC4 /* InstalledAppManager.h */,
				048DAE931D2E045D00A36BC4 /* InstalledAppManager.m */,
				048DAE951D2E045D00A36BC4 /* LaunchItemCell.h */,
				048DAE961D2E045D00A36BC4 /* LaunchItemCell.m */,
				048DAE381D2E022600A36BC4 /* AppDelegate.h */,
				048DAE391D2E022600A36BC4 /* AppDelegate.m */,
				048DAE3B1D2E022600A36BC4 /* ViewController.h */,
				048DAE3C1D2E022600A36BC4 /* ViewController.m */,
				048DAE411D2E022600A36BC4 /* Assets.xcassets */,
				048DAE461D2E022600A36BC4 /* Info.plist */,
				048DAE351D2E022600A36BC4 /* Supporting Files */,
			);
			path = GapLaunch;
			sourceTree = "<group>";
		};
		048DAE351D2E022600A36BC4 /* Supporting Files */ = {
			isa = PBXGroup;
			children = (
				048DAE941D2E045D00A36BC4 /* LaunchItem.plist */,
				048DAE361D2E022600A36BC4 /* main.m */,
				048DAEAC1D2E413100A36BC4 /* PrefixHeader.pch */,
			);
			name = "Supporting Files";
			sourceTree = "<group>";
		};
		048DAE4E1D2E022600A36BC4 /* GapLaunchTests */ = {
			isa = PBXGroup;
			children = (
				048DAE4F1D2E022600A36BC4 /* GapLaunchTests.m */,
				048DAE511D2E022600A36BC4 /* Info.plist */,
			);
			path = GapLaunchTests;
			sourceTree = "<group>";
		};
		048DAE591D2E022600A36BC4 /* GapLaunchUITests */ = {
			isa = PBXGroup;
			children = (
				048DAE5A1D2E022600A36BC4 /* GapLaunchUITests.m */,
				048DAE5C1D2E022600A36BC4 /* Info.plist */,
			);
			path = GapLaunchUITests;
			sourceTree = "<group>";
		};
		048DAE6D1D2E023500A36BC4 /* Frameworks */ = {
			isa = PBXGroup;
			children = (
				048DAE6E1D2E023500A36BC4 /* NotificationCenter.framework */,
				A65F4DD8D85295FD6F95A82B /* libPods-GapLaunch.a */,
				747578C96117142B0042C9FB /* libPods-Launch.a */,
			);
			name = Frameworks;
			sourceTree = "<group>";
		};
		048DAE701D2E023500A36BC4 /* Launch */ = {
			isa = PBXGroup;
			children = (
				048DAEA71D2E04EC00A36BC4 /* Launch.entitlements */,
				048DAE711D2E023500A36BC4 /* TodayViewController.h */,
				048DAE721D2E023500A36BC4 /* TodayViewController.m */,
				048DAE771D2E023500A36BC4 /* Info.plist */,
			);
			path = Launch;
			sourceTree = "<group>";
		};
		048DAE7F1D2E041400A36BC4 /* Helper */ = {
			isa = PBXGroup;
			children = (
				048DAE801D2E041400A36BC4 /* DBHelper.h */,
				048DAE811D2E041400A36BC4 /* DBHelper.m */,
				048DAE821D2E041400A36BC4 /* NSDictionary_IOCExtensions.h */,
				048DAE831D2E041400A36BC4 /* NSDictionary_IOCExtensions.m */,
				048DAE841D2E041400A36BC4 /* NSString+Encrypt.h */,
				048DAE851D2E041400A36BC4 /* NSString+Encrypt.m */,
			);
			path = Helper;
			sourceTree = "<group>";
		};
		366F374442B11E09FDA5FB4E /* Pods */ = {
			isa = PBXGroup;
			children = (
				B1686A0EB37A9DD7F3165A60 /* Pods-GapLaunch.debug.xcconfig */,
				A820B8E4AD00035BA2B1D82D /* Pods-GapLaunch.release.xcconfig */,
				819EA7916A12A3187BFD879F /* Pods-Launch.debug.xcconfig */,
				4AA4FDB1D2B73B8F0F55F1D8 /* Pods-Launch.release.xcconfig */,
			);
			name = Pods;
			sourceTree = "<group>";
		};
/* End PBXGroup section */

/* Begin PBXNativeTarget section */
		048DAE311D2E022600A36BC4 /* GapLaunch */ = {
			isa = PBXNativeTarget;
			buildConfigurationList = 048DAE5F1D2E022600A36BC4 /* Build configuration list for PBXNativeTarget "GapLaunch" */;
			buildPhases = (
				4211EAFE923AA35E4CEC0BC9 /* 📦 Check Pods Manifest.lock */,
				048DAE2E1D2E022600A36BC4 /* Sources */,
				048DAE2F1D2E022600A36BC4 /* Frameworks */,
				048DAE301D2E022600A36BC4 /* Resources */,
				048DAE7E1D2E023600A36BC4 /* Embed App Extensions */,
				A8F9C43463D01BB08BE1749D /* 📦 Embed Pods Frameworks */,
				9173BA8C09D5408BC386E920 /* 📦 Copy Pods Resources */,
			);
			buildRules = (
			);
			dependencies = (
				048DAE791D2E023500A36BC4 /* PBXTargetDependency */,
			);
			name = GapLaunch;
			productName = GapLaunch;
			productReference = 048DAE321D2E022600A36BC4 /* GapLaunch.app */;
			productType = "com.apple.product-type.application";
		};
		048DAE4A1D2E022600A36BC4 /* GapLaunchTests */ = {
			isa = PBXNativeTarget;
			buildConfigurationList = 048DAE621D2E022600A36BC4 /* Build configuration list for PBXNativeTarget "GapLaunchTests" */;
			buildPhases = (
				048DAE471D2E022600A36BC4 /* Sources */,
				048DAE481D2E022600A36BC4 /* Frameworks */,
				048DAE491D2E022600A36BC4 /* Resources */,
			);
			buildRules = (
			);
			dependencies = (
				048DAE4D1D2E022600A36BC4 /* PBXTargetDependency */,
			);
			name = GapLaunchTests;
			productName = GapLaunchTests;
			productReference = 048DAE4B1D2E022600A36BC4 /* GapLaunchTests.xctest */;
			productType = "com.apple.product-type.bundle.unit-test";
		};
		048DAE551D2E022600A36BC4 /* GapLaunchUITests */ = {
			isa = PBXNativeTarget;
			buildConfigurationList = 048DAE651D2E022600A36BC4 /* Build configuration list for PBXNativeTarget "GapLaunchUITests" */;
			buildPhases = (
				048DAE521D2E022600A36BC4 /* Sources */,
				048DAE531D2E022600A36BC4 /* Frameworks */,
				048DAE541D2E022600A36BC4 /* Resources */,
			);
			buildRules = (
			);
			dependencies = (
				048DAE581D2E022600A36BC4 /* PBXTargetDependency */,
			);
			name = GapLaunchUITests;
			productName = GapLaunchUITests;
			productReference = 048DAE561D2E022600A36BC4 /* GapLaunchUITests.xctest */;
			productType = "com.apple.product-type.bundle.ui-testing";
		};
		048DAE6B1D2E023500A36BC4 /* Launch */ = {
			isa = PBXNativeTarget;
			buildConfigurationList = 048DAE7B1D2E023600A36BC4 /* Build configuration list for PBXNativeTarget "Launch" */;
			buildPhases = (
				D28D49306DAC8D41A380C227 /* 📦 Check Pods Manifest.lock */,
				048DAE681D2E023500A36BC4 /* Sources */,
				048DAE691D2E023500A36BC4 /* Frameworks */,
				048DAE6A1D2E023500A36BC4 /* Resources */,
				B1E561E68EA94B5166B6D8E7 /* 📦 Embed Pods Frameworks */,
				17CAD291C27832FB0C46217F /* 📦 Copy Pods Resources */,
			);
			buildRules = (
			);
			dependencies = (
			);
			name = Launch;
			productName = Launch;
			productReference = 048DAE6C1D2E023500A36BC4 /* Launch.appex */;
			productType = "com.apple.product-type.app-extension";
		};
/* End PBXNativeTarget section */

/* Begin PBXProject section */
		048DAE2A1D2E022600A36BC4 /* Project object */ = {
			isa = PBXProject;
			attributes = {
				LastUpgradeCheck = 0730;
				ORGANIZATIONNAME = Gap;
				TargetAttributes = {
					048DAE311D2E022600A36BC4 = {
						CreatedOnToolsVersion = 7.3;
						DevelopmentTeam = 7UH29K5MGM;
						SystemCapabilities = {
							com.apple.ApplicationGroups.iOS = {
								enabled = 1;
							};
						};
					};
					048DAE4A1D2E022600A36BC4 = {
						CreatedOnToolsVersion = 7.3;
						TestTargetID = 048DAE311D2E022600A36BC4;
					};
					048DAE551D2E022600A36BC4 = {
						CreatedOnToolsVersion = 7.3;
						TestTargetID = 048DAE311D2E022600A36BC4;
					};
					048DAE6B1D2E023500A36BC4 = {
						CreatedOnToolsVersion = 7.3;
						DevelopmentTeam = 7UH29K5MGM;
						SystemCapabilities = {
							com.apple.ApplicationGroups.iOS = {
								enabled = 1;
							};
						};
					};
				};
			};
			buildConfigurationList = 048DAE2D1D2E022600A36BC4 /* Build configuration list for PBXProject "GapLaunch" */;
			compatibilityVersion = "Xcode 3.2";
			developmentRegion = English;
			hasScannedForEncodings = 0;
			knownRegions = (
				en,
				Base,
			);
			mainGroup = 048DAE291D2E022600A36BC4;
			productRefGroup = 048DAE331D2E022600A36BC4 /* Products */;
			projectDirPath = "";
			projectRoot = "";
			targets = (
				048DAE311D2E022600A36BC4 /* GapLaunch */,
				048DAE4A1D2E022600A36BC4 /* GapLaunchTests */,
				048DAE551D2E022600A36BC4 /* GapLaunchUITests */,
				048DAE6B1D2E023500A36BC4 /* Launch */,
			);
		};
/* End PBXProject section */

/* Begin PBXResourcesBuildPhase section */
		048DAE301D2E022600A36BC4 /* Resources */ = {
			isa = PBXResourcesBuildPhase;
			buildActionMask = 2147483647;
			files = (
				048DAE9F1D2E045D00A36BC4 /* LaunchItem.plist in Resources */,
				048DAE421D2E022600A36BC4 /* Assets.xcassets in Resources */,
			);
			runOnlyForDeploymentPostprocessing = 0;
		};
		048DAE491D2E022600A36BC4 /* Resources */ = {
			isa = PBXResourcesBuildPhase;
			buildActionMask = 2147483647;
			files = (
			);
			runOnlyForDeploymentPostprocessing = 0;
		};
		048DAE541D2E022600A36BC4 /* Resources */ = {
			isa = PBXResourcesBuildPhase;
			buildActionMask = 2147483647;
			files = (
			);
			runOnlyForDeploymentPostprocessing = 0;
		};
		048DAE6A1D2E023500A36BC4 /* Resources */ = {
			isa = PBXResourcesBuildPhase;
			buildActionMask = 2147483647;
			files = (
				048DAEA01D2E045D00A36BC4 /* LaunchItem.plist in Resources */,
			);
			runOnlyForDeploymentPostprocessing = 0;
		};
/* End PBXResourcesBuildPhase section */

/* Begin PBXShellScriptBuildPhase section */
		17CAD291C27832FB0C46217F /* 📦 Copy Pods Resources */ = {
			isa = PBXShellScriptBuildPhase;
			buildActionMask = 2147483647;
			files = (
			);
			inputPaths = (
			);
			name = "📦 Copy Pods Resources";
			outputPaths = (
			);
			runOnlyForDeploymentPostprocessing = 0;
			shellPath = /bin/sh;
			shellScript = "\"${SRCROOT}/Pods/Target Support Files/Pods-Launch/Pods-Launch-resources.sh\"\n";
			showEnvVarsInLog = 0;
		};
		4211EAFE923AA35E4CEC0BC9 /* 📦 Check Pods Manifest.lock */ = {
			isa = PBXShellScriptBuildPhase;
			buildActionMask = 2147483647;
			files = (
			);
			inputPaths = (
			);
			name = "📦 Check Pods Manifest.lock";
			outputPaths = (
			);
			runOnlyForDeploymentPostprocessing = 0;
			shellPath = /bin/sh;
			shellScript = "diff \"${PODS_ROOT}/../Podfile.lock\" \"${PODS_ROOT}/Manifest.lock\" > /dev/null\nif [[ $? != 0 ]] ; then\n    cat << EOM\nerror: The sandbox is not in sync with the Podfile.lock. Run 'pod install' or update your CocoaPods installation.\nEOM\n    exit 1\nfi\n";
			showEnvVarsInLog = 0;
		};
		9173BA8C09D5408BC386E920 /* 📦 Copy Pods Resources */ = {
			isa = PBXShellScriptBuildPhase;
			buildActionMask = 2147483647;
			files = (
			);
			inputPaths = (
			);
			name = "📦 Copy Pods Resources";
			outputPaths = (
			);
			runOnlyForDeploymentPostprocessing = 0;
			shellPath = /bin/sh;
			shellScript = "\"${SRCROOT}/Pods/Target Support Files/Pods-GapLaunch/Pods-GapLaunch-resources.sh\"\n";
			showEnvVarsInLog = 0;
		};
		A8F9C43463D01BB08BE1749D /* 📦 Embed Pods Frameworks */ = {
			isa = PBXShellScriptBuildPhase;
			buildActionMask = 2147483647;
			files = (
			);
			inputPaths = (
			);
			name = "📦 Embed Pods Frameworks";
			outputPaths = (
			);
			runOnlyForDeploymentPostprocessing = 0;
			shellPath = /bin/sh;
			shellScript = "\"${SRCROOT}/Pods/Target Support Files/Pods-GapLaunch/Pods-GapLaunch-frameworks.sh\"\n";
			showEnvVarsInLog = 0;
		};
		B1E561E68EA94B5166B6D8E7 /* 📦 Embed Pods Frameworks */ = {
			isa = PBXShellScriptBuildPhase;
			buildActionMask = 2147483647;
			files = (
			);
			inputPaths = (
			);
			name = "📦 Embed Pods Frameworks";
			outputPaths = (
			);
			runOnlyForDeploymentPostprocessing = 0;
			shellPath = /bin/sh;
			shellScript = "\"${SRCROOT}/Pods/Target Support Files/Pods-Launch/Pods-Launch-frameworks.sh\"\n";
			showEnvVarsInLog = 0;
		};
		D28D49306DAC8D41A380C227 /* 📦 Check Pods Manifest.lock */ = {
			isa = PBXShellScriptBuildPhase;
			buildActionMask = 2147483647;
			files = (
			);
			inputPaths = (
			);
			name = "📦 Check Pods Manifest.lock";
			outputPaths = (
			);
			runOnlyForDeploymentPostprocessing = 0;
			shellPath = /bin/sh;
			shellScript = "diff \"${PODS_ROOT}/../Podfile.lock\" \"${PODS_ROOT}/Manifest.lock\" > /dev/null\nif [[ $? != 0 ]] ; then\n    cat << EOM\nerror: The sandbox is not in sync with the Podfile.lock. Run 'pod install' or update your CocoaPods installation.\nEOM\n    exit 1\nfi\n";
			showEnvVarsInLog = 0;
		};
/* End PBXShellScriptBuildPhase section */

/* Begin PBXSourcesBuildPhase section */
		048DAE2E1D2E022600A36BC4 /* Sources */ = {
			isa = PBXSourcesBuildPhase;
			buildActionMask = 2147483647;
			files = (
				048DAE971D2E045D00A36BC4 /* AddLaunchViewController.m in Sources */,
				048DAE3D1D2E022600A36BC4 /* ViewController.m in Sources */,
				048DAE9D1D2E045D00A36BC4 /* InstalledAppManager.m in Sources */,
				048DAE3A1D2E022600A36BC4 /* AppDelegate.m in Sources */,
				048DAEA11D2E045D00A36BC4 /* LaunchItemCell.m in Sources */,
				048DAE881D2E041400A36BC4 /* NSDictionary_IOCExtensions.m in Sources */,
				048DAE991D2E045D00A36BC4 /* AppItem.m in Sources */,
				048DAE8A1D2E041400A36BC4 /* NSString+Encrypt.m in Sources */,
				048DAE371D2E022600A36BC4 /* main.m in Sources */,
				048DAE861D2E041400A36BC4 /* DBHelper.m in Sources */,
			);
			runOnlyForDeploymentPostprocessing = 0;
		};
		048DAE471D2E022600A36BC4 /* Sources */ = {
			isa = PBXSourcesBuildPhase;
			buildActionMask = 2147483647;
			files = (
				048DAE501D2E022600A36BC4 /* GapLaunchTests.m in Sources */,
			);
			runOnlyForDeploymentPostprocessing = 0;
		};
		048DAE521D2E022600A36BC4 /* Sources */ = {
			isa = PBXSourcesBuildPhase;
			buildActionMask = 2147483647;
			files = (
				048DAE5B1D2E022600A36BC4 /* GapLaunchUITests.m in Sources */,
			);
			runOnlyForDeploymentPostprocessing = 0;
		};
		048DAE681D2E023500A36BC4 /* Sources */ = {
			isa = PBXSourcesBuildPhase;
			buildActionMask = 2147483647;
			files = (
				048DAE9A1D2E045D00A36BC4 /* AppItem.m in Sources */,
				048DAE731D2E023500A36BC4 /* TodayViewController.m in Sources */,
				048DAE8B1D2E041400A36BC4 /* NSString+Encrypt.m in Sources */,
				048DAEA21D2E045D00A36BC4 /* LaunchItemCell.m in Sources */,
				048DAE981D2E045D00A36BC4 /* AddLaunchViewController.m in Sources */,
				048DAE9E1D2E045D00A36BC4 /* InstalledAppManager.m in Sources */,
				048DAE891D2E041400A36BC4 /* NSDictionary_IOCExtensions.m in Sources */,
				048DAE871D2E041400A36BC4 /* DBHelper.m in Sources */,
			);
			runOnlyForDeploymentPostprocessing = 0;
		};
/* End PBXSourcesBuildPhase section */

/* Begin PBXTargetDependency section */
		048DAE4D1D2E022600A36BC4 /* PBXTargetDependency */ = {
			isa = PBXTargetDependency;
			target = 048DAE311D2E022600A36BC4 /* GapLaunch */;
			targetProxy = 048DAE4C1D2E022600A36BC4 /* PBXContainerItemProxy */;
		};
		048DAE581D2E022600A36BC4 /* PBXTargetDependency */ = {
			isa = PBXTargetDependency;
			target = 048DAE311D2E022600A36BC4 /* GapLaunch */;
			targetProxy = 048DAE571D2E022600A36BC4 /* PBXContainerItemProxy */;
		};
		048DAE791D2E023500A36BC4 /* PBXTargetDependency */ = {
			isa = PBXTargetDependency;
			target = 048DAE6B1D2E023500A36BC4 /* Launch */;
			targetProxy = 048DAE781D2E023500A36BC4 /* PBXContainerItemProxy */;
		};
/* End PBXTargetDependency section */

/* Begin XCBuildConfiguration section */
		048DAE5D1D2E022600A36BC4 /* Debug */ = {
			isa = XCBuildConfiguration;
			buildSettings = {
				ALWAYS_SEARCH_USER_PATHS = NO;
				CLANG_ANALYZER_NONNULL = YES;
				CLANG_CXX_LANGUAGE_STANDARD = "gnu++0x";
				CLANG_CXX_LIBRARY = "libc++";
				CLANG_ENABLE_MODULES = YES;
				CLANG_ENABLE_OBJC_ARC = YES;
				CLANG_WARN_BOOL_CONVERSION = YES;
				CLANG_WARN_CONSTANT_CONVERSION = YES;
				CLANG_WARN_DIRECT_OBJC_ISA_USAGE = YES_ERROR;
				CLANG_WARN_EMPTY_BODY = YES;
				CLANG_WARN_ENUM_CONVERSION = YES;
				CLANG_WARN_INT_CONVERSION = YES;
				CLANG_WARN_OBJC_ROOT_CLASS = YES_ERROR;
				CLANG_WARN_UNREACHABLE_CODE = YES;
				CLANG_WARN__DUPLICATE_METHOD_MATCH = YES;
				"CODE_SIGN_IDENTITY[sdk=iphoneos*]" = "iPhone Developer";
				COPY_PHASE_STRIP = NO;
				DEBUG_INFORMATION_FORMAT = dwarf;
				ENABLE_STRICT_OBJC_MSGSEND = YES;
				ENABLE_TESTABILITY = YES;
				GCC_C_LANGUAGE_STANDARD = gnu99;
				GCC_DYNAMIC_NO_PIC = NO;
				GCC_NO_COMMON_BLOCKS = YES;
				GCC_OPTIMIZATION_LEVEL = 0;
				GCC_PREPROCESSOR_DEFINITIONS = (
					"DEBUG=1",
					"$(inherited)",
				);
				GCC_WARN_64_TO_32_BIT_CONVERSION = YES;
				GCC_WARN_ABOUT_RETURN_TYPE = YES_ERROR;
				GCC_WARN_UNDECLARED_SELECTOR = YES;
				GCC_WARN_UNINITIALIZED_AUTOS = YES_AGGRESSIVE;
				GCC_WARN_UNUSED_FUNCTION = YES;
				GCC_WARN_UNUSED_VARIABLE = YES;
				IPHONEOS_DEPLOYMENT_TARGET = 9.3;
				MTL_ENABLE_DEBUG_INFO = YES;
				ONLY_ACTIVE_ARCH = YES;
				SDKROOT = iphoneos;
			};
			name = Debug;
		};
		048DAE5E1D2E022600A36BC4 /* Release */ = {
			isa = XCBuildConfiguration;
			buildSettings = {
				ALWAYS_SEARCH_USER_PATHS = NO;
				CLANG_ANALYZER_NONNULL = YES;
				CLANG_CXX_LANGUAGE_STANDARD = "gnu++0x";
				CLANG_CXX_LIBRARY = "libc++";
				CLANG_ENABLE_MODULES = YES;
				CLANG_ENABLE_OBJC_ARC = YES;
				CLANG_WARN_BOOL_CONVERSION = YES;
				CLANG_WARN_CONSTANT_CONVERSION = YES;
				CLANG_WARN_DIRECT_OBJC_ISA_USAGE = YES_ERROR;
				CLANG_WARN_EMPTY_BODY = YES;
				CLANG_WARN_ENUM_CONVERSION = YES;
				CLANG_WARN_INT_CONVERSION = YES;
				CLANG_WARN_OBJC_ROOT_CLASS = YES_ERROR;
				CLANG_WARN_UNREACHABLE_CODE = YES;
				CLANG_WARN__DUPLICATE_METHOD_MATCH = YES;
				"CODE_SIGN_IDENTITY[sdk=iphoneos*]" = "iPhone Developer";
				COPY_PHASE_STRIP = NO;
				DEBUG_INFORMATION_FORMAT = "dwarf-with-dsym";
				ENABLE_NS_ASSERTIONS = NO;
				ENABLE_STRICT_OBJC_MSGSEND = YES;
				GCC_C_LANGUAGE_STANDARD = gnu99;
				GCC_NO_COMMON_BLOCKS = YES;
				GCC_WARN_64_TO_32_BIT_CONVERSION = YES;
				GCC_WARN_ABOUT_RETURN_TYPE = YES_ERROR;
				GCC_WARN_UNDECLARED_SELECTOR = YES;
				GCC_WARN_UNINITIALIZED_AUTOS = YES_AGGRESSIVE;
				GCC_WARN_UNUSED_FUNCTION = YES;
				GCC_WARN_UNUSED_VARIABLE = YES;
				IPHONEOS_DEPLOYMENT_TARGET = 9.3;
				MTL_ENABLE_DEBUG_INFO = NO;
				SDKROOT = iphoneos;
				VALIDATE_PRODUCT = YES;
			};
			name = Release;
		};
		048DAE601D2E022600A36BC4 /* Debug */ = {
			isa = XCBuildConfiguration;
			baseConfigurationReference = B1686A0EB37A9DD7F3165A60 /* Pods-GapLaunch.debug.xcconfig */;
			buildSettings = {
				ASSETCATALOG_COMPILER_APPICON_NAME = AppIcon;
				CODE_SIGN_ENTITLEMENTS = GapLaunch/GapLaunch.entitlements;
				CODE_SIGN_IDENTITY = "iPhone Developer";
				GCC_PREFIX_HEADER = GapLaunch/PrefixHeader.pch;
				INFOPLIST_FILE = GapLaunch/Info.plist;
				IPHONEOS_DEPLOYMENT_TARGET = 8.0;
				LD_RUNPATH_SEARCH_PATHS = "$(inherited) @executable_path/Frameworks";
				PRODUCT_BUNDLE_IDENTIFIER = gap.Launch;
				PRODUCT_NAME = "$(TARGET_NAME)";
			};
			name = Debug;
		};
		048DAE611D2E022600A36BC4 /* Release */ = {
			isa = XCBuildConfiguration;
			baseConfigurationReference = A820B8E4AD00035BA2B1D82D /* Pods-GapLaunch.release.xcconfig */;
			buildSettings = {
				ASSETCATALOG_COMPILER_APPICON_NAME = AppIcon;
				CODE_SIGN_ENTITLEMENTS = GapLaunch/GapLaunch.entitlements;
				CODE_SIGN_IDENTITY = "iPhone Developer";
				GCC_PREFIX_HEADER = GapLaunch/PrefixHeader.pch;
				INFOPLIST_FILE = GapLaunch/Info.plist;
				IPHONEOS_DEPLOYMENT_TARGET = 8.0;
				LD_RUNPATH_SEARCH_PATHS = "$(inherited) @executable_path/Frameworks";
				PRODUCT_BUNDLE_IDENTIFIER = gap.Launch;
				PRODUCT_NAME = "$(TARGET_NAME)";
			};
			name = Release;
		};
		048DAE631D2E022600A36BC4 /* Debug */ = {
			isa = XCBuildConfiguration;
			buildSettings = {
				BUNDLE_LOADER = "$(TEST_HOST)";
				INFOPLIST_FILE = GapLaunchTests/Info.plist;
				LD_RUNPATH_SEARCH_PATHS = "$(inherited) @executable_path/Frameworks @loader_path/Frameworks";
				PRODUCT_BUNDLE_IDENTIFIER = gap.GapLaunchTests;
				PRODUCT_NAME = "$(TARGET_NAME)";
				TEST_HOST = "$(BUILT_PRODUCTS_DIR)/GapLaunch.app/GapLaunch";
			};
			name = Debug;
		};
		048DAE641D2E022600A36BC4 /* Release */ = {
			isa = XCBuildConfiguration;
			buildSettings = {
				BUNDLE_LOADER = "$(TEST_HOST)";
				INFOPLIST_FILE = GapLaunchTests/Info.plist;
				LD_RUNPATH_SEARCH_PATHS = "$(inherited) @executable_path/Frameworks @loader_path/Frameworks";
				PRODUCT_BUNDLE_IDENTIFIER = gap.GapLaunchTests;
				PRODUCT_NAME = "$(TARGET_NAME)";
				TEST_HOST = "$(BUILT_PRODUCTS_DIR)/GapLaunch.app/GapLaunch";
			};
			name = Release;
		};
		048DAE661D2E022600A36BC4 /* Debug */ = {
			isa = XCBuildConfiguration;
			buildSettings = {
				INFOPLIST_FILE = GapLaunchUITests/Info.plist;
				LD_RUNPATH_SEARCH_PATHS = "$(inherited) @executable_path/Frameworks @loader_path/Frameworks";
				PRODUCT_BUNDLE_IDENTIFIER = gap.GapLaunchUITests;
				PRODUCT_NAME = "$(TARGET_NAME)";
				TEST_TARGET_NAME = GapLaunch;
			};
			name = Debug;
		};
		048DAE671D2E022600A36BC4 /* Release */ = {
			isa = XCBuildConfiguration;
			buildSettings = {
				INFOPLIST_FILE = GapLaunchUITests/Info.plist;
				LD_RUNPATH_SEARCH_PATHS = "$(inherited) @executable_path/Frameworks @loader_path/Frameworks";
				PRODUCT_BUNDLE_IDENTIFIER = gap.GapLaunchUITests;
				PRODUCT_NAME = "$(TARGET_NAME)";
				TEST_TARGET_NAME = GapLaunch;
			};
			name = Release;
		};
		048DAE7C1D2E023600A36BC4 /* Debug */ = {
			isa = XCBuildConfiguration;
			baseConfigurationReference = 819EA7916A12A3187BFD879F /* Pods-Launch.debug.xcconfig */;
			buildSettings = {
				CODE_SIGN_ENTITLEMENTS = Launch/Launch.entitlements;
				CODE_SIGN_IDENTITY = "iPhone Developer";
				"CODE_SIGN_IDENTITY[sdk=iphoneos*]" = "iPhone Developer";
				GCC_PREFIX_HEADER = GapLaunch/PrefixHeader.pch;
				INFOPLIST_FILE = Launch/Info.plist;
				LD_RUNPATH_SEARCH_PATHS = "$(inherited) @executable_path/Frameworks @executable_path/../../Frameworks";
				PRODUCT_BUNDLE_IDENTIFIER = gap.Launch.Launch;
				PRODUCT_NAME = "$(TARGET_NAME)";
				PROVISIONING_PROFILE = "";
				SKIP_INSTALL = YES;
			};
			name = Debug;
		};
		048DAE7D1D2E023600A36BC4 /* Release */ = {
			isa = XCBuildConfiguration;
			baseConfigurationReference = 4AA4FDB1D2B73B8F0F55F1D8 /* Pods-Launch.release.xcconfig */;
			buildSettings = {
				CODE_SIGN_ENTITLEMENTS = Launch/Launch.entitlements;
				CODE_SIGN_IDENTITY = "iPhone Developer";
				"CODE_SIGN_IDENTITY[sdk=iphoneos*]" = "iPhone Developer";
				GCC_PREFIX_HEADER = GapLaunch/PrefixHeader.pch;
				INFOPLIST_FILE = Launch/Info.plist;
				LD_RUNPATH_SEARCH_PATHS = "$(inherited) @executable_path/Frameworks @executable_path/../../Frameworks";
				PRODUCT_BUNDLE_IDENTIFIER = gap.Launch.Launch;
				PRODUCT_NAME = "$(TARGET_NAME)";
				PROVISIONING_PROFILE = "";
				SKIP_INSTALL = YES;
			};
			name = Release;
		};
/* End XCBuildConfiguration section */

/* Begin XCConfigurationList section */
		048DAE2D1D2E022600A36BC4 /* Build configuration list for PBXProject "GapLaunch" */ = {
			isa = XCConfigurationList;
			buildConfigurations = (
				048DAE5D1D2E022600A36BC4 /* Debug */,
				048DAE5E1D2E022600A36BC4 /* Release */,
			);
			defaultConfigurationIsVisible = 0;
			defaultConfigurationName = Release;
		};
		048DAE5F1D2E022600A36BC4 /* Build configuration list for PBXNativeTarget "GapLaunch" */ = {
			isa = XCConfigurationList;
			buildConfigurations = (
				048DAE601D2E022600A36BC4 /* Debug */,
				048DAE611D2E022600A36BC4 /* Release */,
			);
			defaultConfigurationIsVisible = 0;
			defaultConfigurationName = Release;
		};
		048DAE621D2E022600A36BC4 /* Build configuration list for PBXNativeTarget "GapLaunchTests" */ = {
			isa = XCConfigurationList;
			buildConfigurations = (
				048DAE631D2E022600A36BC4 /* Debug */,
				048DAE641D2E022600A36BC4 /* Release */,
			);
			defaultConfigurationIsVisible = 0;
			defaultConfigurationName = Release;
		};
		048DAE651D2E022600A36BC4 /* Build configuration list for PBXNativeTarget "GapLaunchUITests" */ = {
			isa = XCConfigurationList;
			buildConfigurations = (
				048DAE661D2E022600A36BC4 /* Debug */,
				048DAE671D2E022600A36BC4 /* Release */,
			);
			defaultConfigurationIsVisible = 0;
			defaultConfigurationName = Release;
		};
		048DAE7B1D2E023600A36BC4 /* Build configuration list for PBXNativeTarget "Launch" */ = {
			isa = XCConfigurationList;
			buildConfigurations = (
				048DAE7C1D2E023600A36BC4 /* Debug */,
				048DAE7D1D2E023600A36BC4 /* Release */,
			);
			defaultConfigurationIsVisible = 0;
			defaultConfigurationName = Release;
		};
/* End XCConfigurationList section */
	};
	rootObject = 048DAE2A1D2E022600A36BC4 /* Project object */;
}
